lockfileVersion: '9.0'

settings:
  autoInstallPeers: true
  excludeLinksFromLockfile: false

importers:

  .:
    dependencies:
      zenn-cli:
        specifier: ^0.1.141
        version: 0.1.141
    devDependencies:
      prettier:
        specifier: ^3.0.0
        version: 3.0.0

packages:

  prettier@3.0.0:
    resolution: {integrity: sha512-zBf5eHpwHOGPC47h0zrPyNn+eAEIdEzfywMoYn2XPi0P44Zp0tSq64rq0xAREh4auw2cJZHo9QUob+NqCQky4g==}
    engines: {node: '>=14'}
    hasBin: true

  zenn-cli@0.1.141:
    resolution: {integrity: sha512-33hYqqHZk9nYP24Za56jeFcqXsPkoYno9HDsIjdUjQxzl3/zmRaJEiHJ3qD4IId6qNduY3Vhgq3s6kJuCDVuVQ==}
    engines: {node: '>=14.0.0'}
    hasBin: true

snapshots:

  prettier@3.0.0: {}

  zenn-cli@0.1.141: {}
